// !$*UTF8*$!
{
	archiveVersion = 1;
	classes = {
	};
	objectVersion = 51;
	objects = {

/* Begin PBXBuildFile section */
		4002597C25647752004597FC /* CoinGatewayMock.swift in Sources */ = {isa = PBXBuildFile; fileRef = 4002597B25647752004597FC /* CoinGatewayMock.swift */; };
		4002597F2564792D004597FC /* CoinMock.swift in Sources */ = {isa = PBXBuildFile; fileRef = 4002597E2564792D004597FC /* CoinMock.swift */; };
		4002598125648B6F004597FC /* CoinListViewModelTests.swift in Sources */ = {isa = PBXBuildFile; fileRef = 4002598025648B6F004597FC /* CoinListViewModelTests.swift */; };
		400259832564918C004597FC /* CoinIconURLMock.swift in Sources */ = {isa = PBXBuildFile; fileRef = 400259822564918C004597FC /* CoinIconURLMock.swift */; };
		40077DCC25638C9800C6ACBA /* UITableView+DeselectRow.swift in Sources */ = {isa = PBXBuildFile; fileRef = 40077DCB25638C9800C6ACBA /* UITableView+DeselectRow.swift */; };
		400B7CFC25646480004E318A /* ProviderServiceMock.swift in Sources */ = {isa = PBXBuildFile; fileRef = 400B7CFB25646480004E318A /* ProviderServiceMock.swift */; };
		401AD99F256473D200A4DF83 /* ImageServiceMock.swift in Sources */ = {isa = PBXBuildFile; fileRef = 401AD99E256473D200A4DF83 /* ImageServiceMock.swift */; };
		401AD9A12564758600A4DF83 /* CoinListViewControllerTests.swift in Sources */ = {isa = PBXBuildFile; fileRef = 401AD9A02564758600A4DF83 /* CoinListViewControllerTests.swift */; };
		402AAD56256495F8007D0F74 /* CoinDetailViewModelTests.swift in Sources */ = {isa = PBXBuildFile; fileRef = 402AAD55256495F8007D0F74 /* CoinDetailViewModelTests.swift */; };
		402AAD5A25649A8F007D0F74 /* CoinDetailViewControllerTests.swift in Sources */ = {isa = PBXBuildFile; fileRef = 402AAD5925649A8F007D0F74 /* CoinDetailViewControllerTests.swift */; };
		402AAD5D25649C1A007D0F74 /* CoinListViewCoordinatorTests.swift in Sources */ = {isa = PBXBuildFile; fileRef = 402AAD5C25649C1A007D0F74 /* CoinListViewCoordinatorTests.swift */; };
		402AAD602564B3DD007D0F74 /* ValidationError.swift in Sources */ = {isa = PBXBuildFile; fileRef = 402AAD5F2564B3DD007D0F74 /* ValidationError.swift */; };
		4047EB712562CC830005B2C7 /* ApplicationCoordinator.swift in Sources */ = {isa = PBXBuildFile; fileRef = 4047EB702562CC830005B2C7 /* ApplicationCoordinator.swift */; };
		4047EB732562CCA30005B2C7 /* Coordinator.swift in Sources */ = {isa = PBXBuildFile; fileRef = 4047EB722562CCA30005B2C7 /* Coordinator.swift */; };
		4047EB752562D0560005B2C7 /* CoinListCoordinator.swift in Sources */ = {isa = PBXBuildFile; fileRef = 4047EB742562D0560005B2C7 /* CoinListCoordinator.swift */; };
		4047EB782562DE250005B2C7 /* CoinListViewController.swift in Sources */ = {isa = PBXBuildFile; fileRef = 4047EB772562DE250005B2C7 /* CoinListViewController.swift */; };
		4047EB7A2562DE370005B2C7 /* BaseViewController.swift in Sources */ = {isa = PBXBuildFile; fileRef = 4047EB792562DE370005B2C7 /* BaseViewController.swift */; };
		4047EB802562E6BC0005B2C7 /* UIView+Constraints.swift in Sources */ = {isa = PBXBuildFile; fileRef = 4047EB7F2562E6BB0005B2C7 /* UIView+Constraints.swift */; };
		4047EB862562E9FE0005B2C7 /* CoinTableViewCell.swift in Sources */ = {isa = PBXBuildFile; fileRef = 4047EB852562E9FE0005B2C7 /* CoinTableViewCell.swift */; };
		4047EB892562EA3D0005B2C7 /* UITableView+Reusable.swift in Sources */ = {isa = PBXBuildFile; fileRef = 4047EB882562EA3D0005B2C7 /* UITableView+Reusable.swift */; };
		4047EB932562F1140005B2C7 /* Int+SpacingUnit.swift in Sources */ = {isa = PBXBuildFile; fileRef = 4047EB922562F1140005B2C7 /* Int+SpacingUnit.swift */; };
		40AE611C2564C132007A0946 /* Assets.swift in Sources */ = {isa = PBXBuildFile; fileRef = 40AE611B2564C132007A0946 /* Assets.swift */; };
		40B0AB642564609C009723C8 /* LoadableMock.swift in Sources */ = {isa = PBXBuildFile; fileRef = 40B0AB632564609C009723C8 /* LoadableMock.swift */; };
		40B519FC2562C28200636463 /* AppDelegate.swift in Sources */ = {isa = PBXBuildFile; fileRef = 40B519FB2562C28200636463 /* AppDelegate.swift */; };
		40B51A052562C28C00636463 /* Assets.xcassets in Resources */ = {isa = PBXBuildFile; fileRef = 40B51A042562C28C00636463 /* Assets.xcassets */; };
		40B51A082562C28C00636463 /* LaunchScreen.storyboard in Resources */ = {isa = PBXBuildFile; fileRef = 40B51A062562C28C00636463 /* LaunchScreen.storyboard */; };
		40CC8E6C25631EA400C6C4E9 /* CoinListDataSource.swift in Sources */ = {isa = PBXBuildFile; fileRef = 40CC8E6B25631EA400C6C4E9 /* CoinListDataSource.swift */; };
		40CC8E6F25637F7800C6C4E9 /* CoinIconURL.swift in Sources */ = {isa = PBXBuildFile; fileRef = 40CC8E6E25637F7800C6C4E9 /* CoinIconURL.swift */; };
		40D2EBD82563015A00B21932 /* Coin.swift in Sources */ = {isa = PBXBuildFile; fileRef = 40D2EBD72563015A00B21932 /* Coin.swift */; };
		40D2EBDA256303C800B21932 /* CoinGateway.swift in Sources */ = {isa = PBXBuildFile; fileRef = 40D2EBD9256303C800B21932 /* CoinGateway.swift */; };
		40D2EBDD256303F000B21932 /* ProviderService.swift in Sources */ = {isa = PBXBuildFile; fileRef = 40D2EBDC256303F000B21932 /* ProviderService.swift */; };
		40D2EBE025630B4400B21932 /* CoinListViewModel.swift in Sources */ = {isa = PBXBuildFile; fileRef = 40D2EBDF25630B4400B21932 /* CoinListViewModel.swift */; };
		40D2EBE225630DD100B21932 /* CoinViewModel.swift in Sources */ = {isa = PBXBuildFile; fileRef = 40D2EBE125630DD100B21932 /* CoinViewModel.swift */; };
		40D2EBE525630F8300B21932 /* CoinListViewControllerFactory.swift in Sources */ = {isa = PBXBuildFile; fileRef = 40D2EBE425630F8300B21932 /* CoinListViewControllerFactory.swift */; };
		40F7059C25640AD6005A5C2E /* Localizable.strings in Resources */ = {isa = PBXBuildFile; fileRef = 40F7059E25640AD6005A5C2E /* Localizable.strings */; };
		40F705A225640B4D005A5C2E /* Strings.swift in Sources */ = {isa = PBXBuildFile; fileRef = 40F705A125640B4D005A5C2E /* Strings.swift */; };
		40F705A525640BB8005A5C2E /* String+Localizable.swift in Sources */ = {isa = PBXBuildFile; fileRef = 40F705A425640BB8005A5C2E /* String+Localizable.swift */; };
		40F705A725640C8C005A5C2E /* CoinDetailViewController.swift in Sources */ = {isa = PBXBuildFile; fileRef = 40F705A625640C8C005A5C2E /* CoinDetailViewController.swift */; };
		40F705A925640EB5005A5C2E /* CoinDetailViewModel.swift in Sources */ = {isa = PBXBuildFile; fileRef = 40F705A825640EB5005A5C2E /* CoinDetailViewModel.swift */; };
		40F705AB25640EF1005A5C2E /* DetailViewModel.swift in Sources */ = {isa = PBXBuildFile; fileRef = 40F705AA25640EF1005A5C2E /* DetailViewModel.swift */; };
		40F705AD25640F44005A5C2E /* DetailView.swift in Sources */ = {isa = PBXBuildFile; fileRef = 40F705AC25640F44005A5C2E /* DetailView.swift */; };
		40F705AF25641030005A5C2E /* DetailViews.swift in Sources */ = {isa = PBXBuildFile; fileRef = 40F705AE25641030005A5C2E /* DetailViews.swift */; };
		40F705B125641B09005A5C2E /* ImageService.swift in Sources */ = {isa = PBXBuildFile; fileRef = 40F705B025641B09005A5C2E /* ImageService.swift */; };
		40F705B325641EE8005A5C2E /* CoinDetailViewControllerFactory.swift in Sources */ = {isa = PBXBuildFile; fileRef = 40F705B225641EE8005A5C2E /* CoinDetailViewControllerFactory.swift */; };
		40F705B925645411005A5C2E /* Loadable.swift in Sources */ = {isa = PBXBuildFile; fileRef = 40F705B825645411005A5C2E /* Loadable.swift */; };
		7E7C23DDCF29970DE2D6DE3C /* Pods_MercadoBitcoinTests.framework in Frameworks */ = {isa = PBXBuildFile; fileRef = F6EC2740E76154C985D5BB09 /* Pods_MercadoBitcoinTests.framework */; };
		7ECCE4AEFDE1EFE096139087 /* Pods_MercadoBitcoin.framework in Frameworks */ = {isa = PBXBuildFile; fileRef = BE85AEC797372CF53591FAD2 /* Pods_MercadoBitcoin.framework */; };
/* End PBXBuildFile section */

/* Begin PBXContainerItemProxy section */
		40B51A0F2562C28C00636463 /* PBXContainerItemProxy */ = {
			isa = PBXContainerItemProxy;
			containerPortal = 40B519F02562C28100636463 /* Project object */;
			proxyType = 1;
			remoteGlobalIDString = 40B519F72562C28200636463;
			remoteInfo = MercadoBitcoin;
		};
/* End PBXContainerItemProxy section */

/* Begin PBXFileReference section */
		4002597B25647752004597FC /* CoinGatewayMock.swift */ = {isa = PBXFileReference; lastKnownFileType = sourcecode.swift; path = CoinGatewayMock.swift; sourceTree = "<group>"; };
		4002597E2564792D004597FC /* CoinMock.swift */ = {isa = PBXFileReference; lastKnownFileType = sourcecode.swift; path = CoinMock.swift; sourceTree = "<group>"; };
		4002598025648B6F004597FC /* CoinListViewModelTests.swift */ = {isa = PBXFileReference; lastKnownFileType = sourcecode.swift; path = CoinListViewModelTests.swift; sourceTree = "<group>"; };
		400259822564918C004597FC /* CoinIconURLMock.swift */ = {isa = PBXFileReference; lastKnownFileType = sourcecode.swift; path = CoinIconURLMock.swift; sourceTree = "<group>"; };
		40077DCB25638C9800C6ACBA /* UITableView+DeselectRow.swift */ = {isa = PBXFileReference; lastKnownFileType = sourcecode.swift; path = "UITableView+DeselectRow.swift"; sourceTree = "<group>"; };
		400B7CFB25646480004E318A /* ProviderServiceMock.swift */ = {isa = PBXFileReference; lastKnownFileType = sourcecode.swift; path = ProviderServiceMock.swift; sourceTree = "<group>"; };
		401AD99E256473D200A4DF83 /* ImageServiceMock.swift */ = {isa = PBXFileReference; lastKnownFileType = sourcecode.swift; path = ImageServiceMock.swift; sourceTree = "<group>"; };
		401AD9A02564758600A4DF83 /* CoinListViewControllerTests.swift */ = {isa = PBXFileReference; lastKnownFileType = sourcecode.swift; path = CoinListViewControllerTests.swift; sourceTree = "<group>"; };
		402AAD55256495F8007D0F74 /* CoinDetailViewModelTests.swift */ = {isa = PBXFileReference; lastKnownFileType = sourcecode.swift; path = CoinDetailViewModelTests.swift; sourceTree = "<group>"; };
		402AAD5925649A8F007D0F74 /* CoinDetailViewControllerTests.swift */ = {isa = PBXFileReference; lastKnownFileType = sourcecode.swift; path = CoinDetailViewControllerTests.swift; sourceTree = "<group>"; };
		402AAD5C25649C1A007D0F74 /* CoinListViewCoordinatorTests.swift */ = {isa = PBXFileReference; lastKnownFileType = sourcecode.swift; path = CoinListViewCoordinatorTests.swift; sourceTree = "<group>"; };
		402AAD5F2564B3DD007D0F74 /* ValidationError.swift */ = {isa = PBXFileReference; lastKnownFileType = sourcecode.swift; path = ValidationError.swift; sourceTree = "<group>"; };
		4047EB702562CC830005B2C7 /* ApplicationCoordinator.swift */ = {isa = PBXFileReference; lastKnownFileType = sourcecode.swift; path = ApplicationCoordinator.swift; sourceTree = "<group>"; };
		4047EB722562CCA30005B2C7 /* Coordinator.swift */ = {isa = PBXFileReference; lastKnownFileType = sourcecode.swift; path = Coordinator.swift; sourceTree = "<group>"; };
		4047EB742562D0560005B2C7 /* CoinListCoordinator.swift */ = {isa = PBXFileReference; lastKnownFileType = sourcecode.swift; path = CoinListCoordinator.swift; sourceTree = "<group>"; };
		4047EB772562DE250005B2C7 /* CoinListViewController.swift */ = {isa = PBXFileReference; lastKnownFileType = sourcecode.swift; path = CoinListViewController.swift; sourceTree = "<group>"; };
		4047EB792562DE370005B2C7 /* BaseViewController.swift */ = {isa = PBXFileReference; lastKnownFileType = sourcecode.swift; path = BaseViewController.swift; sourceTree = "<group>"; };
		4047EB7F2562E6BB0005B2C7 /* UIView+Constraints.swift */ = {isa = PBXFileReference; lastKnownFileType = sourcecode.swift; path = "UIView+Constraints.swift"; sourceTree = "<group>"; };
		4047EB852562E9FE0005B2C7 /* CoinTableViewCell.swift */ = {isa = PBXFileReference; lastKnownFileType = sourcecode.swift; path = CoinTableViewCell.swift; sourceTree = "<group>"; };
		4047EB882562EA3D0005B2C7 /* UITableView+Reusable.swift */ = {isa = PBXFileReference; lastKnownFileType = sourcecode.swift; path = "UITableView+Reusable.swift"; sourceTree = "<group>"; };
		4047EB922562F1140005B2C7 /* Int+SpacingUnit.swift */ = {isa = PBXFileReference; lastKnownFileType = sourcecode.swift; path = "Int+SpacingUnit.swift"; sourceTree = "<group>"; };
		40AE611B2564C132007A0946 /* Assets.swift */ = {isa = PBXFileReference; fileEncoding = 4; lastKnownFileType = sourcecode.swift; path = Assets.swift; sourceTree = "<group>"; };
		40B0AB632564609C009723C8 /* LoadableMock.swift */ = {isa = PBXFileReference; lastKnownFileType = sourcecode.swift; path = LoadableMock.swift; sourceTree = "<group>"; };
		40B519F82562C28200636463 /* MercadoBitcoin.app */ = {isa = PBXFileReference; explicitFileType = wrapper.application; includeInIndex = 0; path = MercadoBitcoin.app; sourceTree = BUILT_PRODUCTS_DIR; };
		40B519FB2562C28200636463 /* AppDelegate.swift */ = {isa = PBXFileReference; lastKnownFileType = sourcecode.swift; path = AppDelegate.swift; sourceTree = "<group>"; };
		40B51A042562C28C00636463 /* Assets.xcassets */ = {isa = PBXFileReference; lastKnownFileType = folder.assetcatalog; path = Assets.xcassets; sourceTree = "<group>"; };
		40B51A072562C28C00636463 /* Base */ = {isa = PBXFileReference; lastKnownFileType = file.storyboard; name = Base; path = Base.lproj/LaunchScreen.storyboard; sourceTree = "<group>"; };
		40B51A092562C28C00636463 /* Info.plist */ = {isa = PBXFileReference; lastKnownFileType = text.plist.xml; path = Info.plist; sourceTree = "<group>"; };
		40B51A0E2562C28C00636463 /* MercadoBitcoinTests.xctest */ = {isa = PBXFileReference; explicitFileType = wrapper.cfbundle; includeInIndex = 0; path = MercadoBitcoinTests.xctest; sourceTree = BUILT_PRODUCTS_DIR; };
		40B51A142562C28C00636463 /* Info.plist */ = {isa = PBXFileReference; lastKnownFileType = text.plist.xml; path = Info.plist; sourceTree = "<group>"; };
		40CC8E6B25631EA400C6C4E9 /* CoinListDataSource.swift */ = {isa = PBXFileReference; lastKnownFileType = sourcecode.swift; path = CoinListDataSource.swift; sourceTree = "<group>"; };
		40CC8E6E25637F7800C6C4E9 /* CoinIconURL.swift */ = {isa = PBXFileReference; lastKnownFileType = sourcecode.swift; path = CoinIconURL.swift; sourceTree = "<group>"; };
		40D2EBD72563015A00B21932 /* Coin.swift */ = {isa = PBXFileReference; lastKnownFileType = sourcecode.swift; path = Coin.swift; sourceTree = "<group>"; };
		40D2EBD9256303C800B21932 /* CoinGateway.swift */ = {isa = PBXFileReference; lastKnownFileType = sourcecode.swift; path = CoinGateway.swift; sourceTree = "<group>"; };
		40D2EBDC256303F000B21932 /* ProviderService.swift */ = {isa = PBXFileReference; lastKnownFileType = sourcecode.swift; path = ProviderService.swift; sourceTree = "<group>"; };
		40D2EBDF25630B4400B21932 /* CoinListViewModel.swift */ = {isa = PBXFileReference; lastKnownFileType = sourcecode.swift; path = CoinListViewModel.swift; sourceTree = "<group>"; };
		40D2EBE125630DD100B21932 /* CoinViewModel.swift */ = {isa = PBXFileReference; lastKnownFileType = sourcecode.swift; path = CoinViewModel.swift; sourceTree = "<group>"; };
		40D2EBE425630F8300B21932 /* CoinListViewControllerFactory.swift */ = {isa = PBXFileReference; lastKnownFileType = sourcecode.swift; path = CoinListViewControllerFactory.swift; sourceTree = "<group>"; };
		40F7059D25640AD6005A5C2E /* en */ = {isa = PBXFileReference; lastKnownFileType = text.plist.strings; name = en; path = en.lproj/Localizable.strings; sourceTree = "<group>"; };
		40F7059F25640AFF005A5C2E /* pt-BR */ = {isa = PBXFileReference; lastKnownFileType = text.plist.strings; name = "pt-BR"; path = "pt-BR.lproj/Localizable.strings"; sourceTree = "<group>"; };
		40F705A125640B4D005A5C2E /* Strings.swift */ = {isa = PBXFileReference; fileEncoding = 4; lastKnownFileType = sourcecode.swift; path = Strings.swift; sourceTree = "<group>"; };
		40F705A425640BB8005A5C2E /* String+Localizable.swift */ = {isa = PBXFileReference; lastKnownFileType = sourcecode.swift; path = "String+Localizable.swift"; sourceTree = "<group>"; };
		40F705A625640C8C005A5C2E /* CoinDetailViewController.swift */ = {isa = PBXFileReference; lastKnownFileType = sourcecode.swift; path = CoinDetailViewController.swift; sourceTree = "<group>"; };
		40F705A825640EB5005A5C2E /* CoinDetailViewModel.swift */ = {isa = PBXFileReference; lastKnownFileType = sourcecode.swift; path = CoinDetailViewModel.swift; sourceTree = "<group>"; };
		40F705AA25640EF1005A5C2E /* DetailViewModel.swift */ = {isa = PBXFileReference; lastKnownFileType = sourcecode.swift; path = DetailViewModel.swift; sourceTree = "<group>"; };
		40F705AC25640F44005A5C2E /* DetailView.swift */ = {isa = PBXFileReference; lastKnownFileType = sourcecode.swift; path = DetailView.swift; sourceTree = "<group>"; };
		40F705AE25641030005A5C2E /* DetailViews.swift */ = {isa = PBXFileReference; lastKnownFileType = sourcecode.swift; path = DetailViews.swift; sourceTree = "<group>"; };
		40F705B025641B09005A5C2E /* ImageService.swift */ = {isa = PBXFileReference; lastKnownFileType = sourcecode.swift; path = ImageService.swift; sourceTree = "<group>"; };
		40F705B225641EE8005A5C2E /* CoinDetailViewControllerFactory.swift */ = {isa = PBXFileReference; lastKnownFileType = sourcecode.swift; name = CoinDetailViewControllerFactory.swift; path = ../../../../../../../../../../CoinDetailViewControllerFactory.swift; sourceTree = "<group>"; };
		40F705B825645411005A5C2E /* Loadable.swift */ = {isa = PBXFileReference; lastKnownFileType = sourcecode.swift; path = Loadable.swift; sourceTree = "<group>"; };
		AD6D0E666A92E92D46E12C71 /* Pods-MercadoBitcoinTests.release.xcconfig */ = {isa = PBXFileReference; includeInIndex = 1; lastKnownFileType = text.xcconfig; name = "Pods-MercadoBitcoinTests.release.xcconfig"; path = "Target Support Files/Pods-MercadoBitcoinTests/Pods-MercadoBitcoinTests.release.xcconfig"; sourceTree = "<group>"; };
		BE85AEC797372CF53591FAD2 /* Pods_MercadoBitcoin.framework */ = {isa = PBXFileReference; explicitFileType = wrapper.framework; includeInIndex = 0; path = Pods_MercadoBitcoin.framework; sourceTree = BUILT_PRODUCTS_DIR; };
		E89337021FD4CCEA40A87923 /* Pods-MercadoBitcoin.release.xcconfig */ = {isa = PBXFileReference; includeInIndex = 1; lastKnownFileType = text.xcconfig; name = "Pods-MercadoBitcoin.release.xcconfig"; path = "Target Support Files/Pods-MercadoBitcoin/Pods-MercadoBitcoin.release.xcconfig"; sourceTree = "<group>"; };
		F681274BED36B598D1C3FABF /* Pods-MercadoBitcoinTests.debug.xcconfig */ = {isa = PBXFileReference; includeInIndex = 1; lastKnownFileType = text.xcconfig; name = "Pods-MercadoBitcoinTests.debug.xcconfig"; path = "Target Support Files/Pods-MercadoBitcoinTests/Pods-MercadoBitcoinTests.debug.xcconfig"; sourceTree = "<group>"; };
		F6EC2740E76154C985D5BB09 /* Pods_MercadoBitcoinTests.framework */ = {isa = PBXFileReference; explicitFileType = wrapper.framework; includeInIndex = 0; path = Pods_MercadoBitcoinTests.framework; sourceTree = BUILT_PRODUCTS_DIR; };
		FA57720E9A635F3170FFDD00 /* Pods-MercadoBitcoin.debug.xcconfig */ = {isa = PBXFileReference; includeInIndex = 1; lastKnownFileType = text.xcconfig; name = "Pods-MercadoBitcoin.debug.xcconfig"; path = "Target Support Files/Pods-MercadoBitcoin/Pods-MercadoBitcoin.debug.xcconfig"; sourceTree = "<group>"; };
/* End PBXFileReference section */

/* Begin PBXFrameworksBuildPhase section */
		40B519F52562C28200636463 /* Frameworks */ = {
			isa = PBXFrameworksBuildPhase;
			buildActionMask = 2147483647;
			files = (
				7ECCE4AEFDE1EFE096139087 /* Pods_MercadoBitcoin.framework in Frameworks */,
			);
			runOnlyForDeploymentPostprocessing = 0;
		};
		40B51A0B2562C28C00636463 /* Frameworks */ = {
			isa = PBXFrameworksBuildPhase;
			buildActionMask = 2147483647;
			files = (
				7E7C23DDCF29970DE2D6DE3C /* Pods_MercadoBitcoinTests.framework in Frameworks */,
			);
			runOnlyForDeploymentPostprocessing = 0;
		};
/* End PBXFrameworksBuildPhase section */

/* Begin PBXGroup section */
		4002597D25647915004597FC /* Models */ = {
			isa = PBXGroup;
			children = (
				4002597E2564792D004597FC /* CoinMock.swift */,
				400259822564918C004597FC /* CoinIconURLMock.swift */,
			);
			path = Models;
			sourceTree = "<group>";
		};
		402AAD5725649A46007D0F74 /* ViewModel */ = {
			isa = PBXGroup;
			children = (
				4002598025648B6F004597FC /* CoinListViewModelTests.swift */,
				402AAD55256495F8007D0F74 /* CoinDetailViewModelTests.swift */,
			);
			path = ViewModel;
			sourceTree = "<group>";
		};
		402AAD5825649A5A007D0F74 /* Controller */ = {
			isa = PBXGroup;
			children = (
				401AD9A02564758600A4DF83 /* CoinListViewControllerTests.swift */,
				402AAD5925649A8F007D0F74 /* CoinDetailViewControllerTests.swift */,
			);
			path = Controller;
			sourceTree = "<group>";
		};
		402AAD5B25649BFD007D0F74 /* Coordinator */ = {
			isa = PBXGroup;
			children = (
				402AAD5C25649C1A007D0F74 /* CoinListViewCoordinatorTests.swift */,
			);
			path = Coordinator;
			sourceTree = "<group>";
		};
		402AAD5E2564B3C7007D0F74 /* Enum */ = {
			isa = PBXGroup;
			children = (
				402AAD5F2564B3DD007D0F74 /* ValidationError.swift */,
			);
			path = Enum;
			sourceTree = "<group>";
		};
		4047EB6E2562CC650005B2C7 /* Application */ = {
			isa = PBXGroup;
			children = (
				4047EB7C2562E6760005B2C7 /* Base */,
				4047EB7B2562E6640005B2C7 /* CoinList */,
			);
			path = Application;
			sourceTree = "<group>";
		};
		4047EB6F2562CC6B0005B2C7 /* Coordinator */ = {
			isa = PBXGroup;
			children = (
				4047EB742562D0560005B2C7 /* CoinListCoordinator.swift */,
			);
			path = Coordinator;
			sourceTree = "<group>";
		};
		4047EB762562DDF90005B2C7 /* Controller */ = {
			isa = PBXGroup;
			children = (
				4047EB772562DE250005B2C7 /* CoinListViewController.swift */,
				40F705A625640C8C005A5C2E /* CoinDetailViewController.swift */,
			);
			path = Controller;
			sourceTree = "<group>";
		};
		4047EB7B2562E6640005B2C7 /* CoinList */ = {
			isa = PBXGroup;
			children = (
				40CC8E6D25637F6700C6C4E9 /* Model */,
				40D2EBE325630F6700B21932 /* Factory */,
				40D2EBDE25630B2B00B21932 /* ViewModel */,
				40D2EBD62562FFE000B21932 /* Service */,
				4047EB842562E9AF0005B2C7 /* View */,
				4047EB6F2562CC6B0005B2C7 /* Coordinator */,
				4047EB762562DDF90005B2C7 /* Controller */,
				4047EB832562E9480005B2C7 /* DataSource */,
			);
			path = CoinList;
			sourceTree = "<group>";
		};
		4047EB7C2562E6760005B2C7 /* Base */ = {
			isa = PBXGroup;
			children = (
				402AAD5E2564B3C7007D0F74 /* Enum */,
				40F705B7256453FB005A5C2E /* Protocol */,
				40D2EBDB256303E300B21932 /* Service */,
				4047EB822562E6F40005B2C7 /* Coordinator */,
				4047EB7E2562E68E0005B2C7 /* Extension */,
				4047EB7D2562E6890005B2C7 /* Controller */,
			);
			path = Base;
			sourceTree = "<group>";
		};
		4047EB7D2562E6890005B2C7 /* Controller */ = {
			isa = PBXGroup;
			children = (
				4047EB792562DE370005B2C7 /* BaseViewController.swift */,
			);
			path = Controller;
			sourceTree = "<group>";
		};
		4047EB7E2562E68E0005B2C7 /* Extension */ = {
			isa = PBXGroup;
			children = (
				40F705A325640BAA005A5C2E /* String */,
				4047EB912562F0FB0005B2C7 /* Int */,
				4047EB872562EA070005B2C7 /* UITableView */,
				4047EB812562E6D00005B2C7 /* UIView */,
			);
			path = Extension;
			sourceTree = "<group>";
		};
		4047EB812562E6D00005B2C7 /* UIView */ = {
			isa = PBXGroup;
			children = (
				4047EB7F2562E6BB0005B2C7 /* UIView+Constraints.swift */,
			);
			path = UIView;
			sourceTree = "<group>";
		};
		4047EB822562E6F40005B2C7 /* Coordinator */ = {
			isa = PBXGroup;
			children = (
				4047EB722562CCA30005B2C7 /* Coordinator.swift */,
			);
			path = Coordinator;
			sourceTree = "<group>";
		};
		4047EB832562E9480005B2C7 /* DataSource */ = {
			isa = PBXGroup;
			children = (
				40CC8E6B25631EA400C6C4E9 /* CoinListDataSource.swift */,
			);
			path = DataSource;
			sourceTree = "<group>";
		};
		4047EB842562E9AF0005B2C7 /* View */ = {
			isa = PBXGroup;
			children = (
				4047EB942562F3530005B2C7 /* Cell */,
				40F705AC25640F44005A5C2E /* DetailView.swift */,
				40F705AE25641030005A5C2E /* DetailViews.swift */,
			);
			path = View;
			sourceTree = "<group>";
		};
		4047EB872562EA070005B2C7 /* UITableView */ = {
			isa = PBXGroup;
			children = (
				4047EB882562EA3D0005B2C7 /* UITableView+Reusable.swift */,
				40077DCB25638C9800C6ACBA /* UITableView+DeselectRow.swift */,
			);
			path = UITableView;
			sourceTree = "<group>";
		};
		4047EB8A2562EBA50005B2C7 /* Resources */ = {
			isa = PBXGroup;
			children = (
				40F7059825640AB2005A5C2E /* Swiftgen */,
				40F7059E25640AD6005A5C2E /* Localizable.strings */,
				40B51A042562C28C00636463 /* Assets.xcassets */,
			);
			path = Resources;
			sourceTree = "<group>";
		};
		4047EB912562F0FB0005B2C7 /* Int */ = {
			isa = PBXGroup;
			children = (
				4047EB922562F1140005B2C7 /* Int+SpacingUnit.swift */,
			);
			path = Int;
			sourceTree = "<group>";
		};
		4047EB942562F3530005B2C7 /* Cell */ = {
			isa = PBXGroup;
			children = (
				4047EB852562E9FE0005B2C7 /* CoinTableViewCell.swift */,
			);
			path = Cell;
			sourceTree = "<group>";
		};
		40B519EF2562C28000636463 = {
			isa = PBXGroup;
			children = (
				40B519FA2562C28200636463 /* MercadoBitcoin */,
				40B51A112562C28C00636463 /* MercadoBitcoinTests */,
				40B519F92562C28200636463 /* Products */,
				ED70F24E7A242915AA40263D /* Pods */,
				F6EB1B2BF1E997FAF6300963 /* Frameworks */,
			);
			sourceTree = "<group>";
		};
		40B519F92562C28200636463 /* Products */ = {
			isa = PBXGroup;
			children = (
				40B519F82562C28200636463 /* MercadoBitcoin.app */,
				40B51A0E2562C28C00636463 /* MercadoBitcoinTests.xctest */,
			);
			name = Products;
			sourceTree = "<group>";
		};
		40B519FA2562C28200636463 /* MercadoBitcoin */ = {
			isa = PBXGroup;
			children = (
				4047EB6E2562CC650005B2C7 /* Application */,
				4047EB8A2562EBA50005B2C7 /* Resources */,
				4047EB702562CC830005B2C7 /* ApplicationCoordinator.swift */,
				40B519FB2562C28200636463 /* AppDelegate.swift */,
				40B51A062562C28C00636463 /* LaunchScreen.storyboard */,
				40B51A092562C28C00636463 /* Info.plist */,
			);
			path = MercadoBitcoin;
			sourceTree = "<group>";
		};
		40B51A112562C28C00636463 /* MercadoBitcoinTests */ = {
			isa = PBXGroup;
			children = (
				40F705BA25645964005A5C2E /* CoinList */,
				40B51A142562C28C00636463 /* Info.plist */,
			);
			path = MercadoBitcoinTests;
			sourceTree = "<group>";
		};
		40CC8E6D25637F6700C6C4E9 /* Model */ = {
			isa = PBXGroup;
			children = (
				40D2EBD72563015A00B21932 /* Coin.swift */,
				40CC8E6E25637F7800C6C4E9 /* CoinIconURL.swift */,
			);
			path = Model;
			sourceTree = "<group>";
		};
		40D2EBD62562FFE000B21932 /* Service */ = {
			isa = PBXGroup;
			children = (
				40D2EBD9256303C800B21932 /* CoinGateway.swift */,
			);
			path = Service;
			sourceTree = "<group>";
		};
		40D2EBDB256303E300B21932 /* Service */ = {
			isa = PBXGroup;
			children = (
				40D2EBDC256303F000B21932 /* ProviderService.swift */,
				40F705B025641B09005A5C2E /* ImageService.swift */,
			);
			path = Service;
			sourceTree = "<group>";
		};
		40D2EBDE25630B2B00B21932 /* ViewModel */ = {
			isa = PBXGroup;
			children = (
				40D2EBDF25630B4400B21932 /* CoinListViewModel.swift */,
				40D2EBE125630DD100B21932 /* CoinViewModel.swift */,
				40F705A825640EB5005A5C2E /* CoinDetailViewModel.swift */,
				40F705AA25640EF1005A5C2E /* DetailViewModel.swift */,
			);
			path = ViewModel;
			sourceTree = "<group>";
		};
		40D2EBE325630F6700B21932 /* Factory */ = {
			isa = PBXGroup;
			children = (
				40D2EBE425630F8300B21932 /* CoinListViewControllerFactory.swift */,
				40F705B225641EE8005A5C2E /* CoinDetailViewControllerFactory.swift */,
			);
			name = Factory;
			path = "New Group";
			sourceTree = "<group>";
		};
		40F7059825640AB2005A5C2E /* Swiftgen */ = {
			isa = PBXGroup;
			children = (
				40F705A125640B4D005A5C2E /* Strings.swift */,
				40AE611B2564C132007A0946 /* Assets.swift */,
			);
			path = Swiftgen;
			sourceTree = "<group>";
		};
		40F705A325640BAA005A5C2E /* String */ = {
			isa = PBXGroup;
			children = (
				40F705A425640BB8005A5C2E /* String+Localizable.swift */,
			);
			path = String;
			sourceTree = "<group>";
		};
		40F705B7256453FB005A5C2E /* Protocol */ = {
			isa = PBXGroup;
			children = (
				40F705B825645411005A5C2E /* Loadable.swift */,
			);
			path = Protocol;
			sourceTree = "<group>";
		};
		40F705BA25645964005A5C2E /* CoinList */ = {
			isa = PBXGroup;
			children = (
				402AAD5B25649BFD007D0F74 /* Coordinator */,
				402AAD5825649A5A007D0F74 /* Controller */,
				402AAD5725649A46007D0F74 /* ViewModel */,
				40F705BB25645995005A5C2E /* Mock */,
			);
			path = CoinList;
			sourceTree = "<group>";
		};
		40F705BB25645995005A5C2E /* Mock */ = {
			isa = PBXGroup;
			children = (
				4002597D25647915004597FC /* Models */,
				40B0AB632564609C009723C8 /* LoadableMock.swift */,
				400B7CFB25646480004E318A /* ProviderServiceMock.swift */,
				401AD99E256473D200A4DF83 /* ImageServiceMock.swift */,
				4002597B25647752004597FC /* CoinGatewayMock.swift */,
			);
			path = Mock;
			sourceTree = "<group>";
		};
		ED70F24E7A242915AA40263D /* Pods */ = {
			isa = PBXGroup;
			children = (
				FA57720E9A635F3170FFDD00 /* Pods-MercadoBitcoin.debug.xcconfig */,
				E89337021FD4CCEA40A87923 /* Pods-MercadoBitcoin.release.xcconfig */,
				F681274BED36B598D1C3FABF /* Pods-MercadoBitcoinTests.debug.xcconfig */,
				AD6D0E666A92E92D46E12C71 /* Pods-MercadoBitcoinTests.release.xcconfig */,
			);
			path = Pods;
			sourceTree = "<group>";
		};
		F6EB1B2BF1E997FAF6300963 /* Frameworks */ = {
			isa = PBXGroup;
			children = (
				BE85AEC797372CF53591FAD2 /* Pods_MercadoBitcoin.framework */,
				F6EC2740E76154C985D5BB09 /* Pods_MercadoBitcoinTests.framework */,
			);
			name = Frameworks;
			sourceTree = "<group>";
		};
/* End PBXGroup section */

/* Begin PBXNativeTarget section */
		40B519F72562C28200636463 /* MercadoBitcoin */ = {
			isa = PBXNativeTarget;
			buildConfigurationList = 40B51A172562C28C00636463 /* Build configuration list for PBXNativeTarget "MercadoBitcoin" */;
			buildPhases = (
				C8F5746E7C4446AFB05C924F /* [CP] Check Pods Manifest.lock */,
				40B519F42562C28200636463 /* Sources */,
				40B519F52562C28200636463 /* Frameworks */,
				40B519F62562C28200636463 /* Resources */,
				40F705A025640B22005A5C2E /* SwiftGen */,
				D5CE4565F75E015F97BE7E1E /* [CP] Embed Pods Frameworks */,
			);
			buildRules = (
			);
			dependencies = (
			);
			name = MercadoBitcoin;
			productName = MercadoBitcoin;
			productReference = 40B519F82562C28200636463 /* MercadoBitcoin.app */;
			productType = "com.apple.product-type.application";
		};
		40B51A0D2562C28C00636463 /* MercadoBitcoinTests */ = {
			isa = PBXNativeTarget;
			buildConfigurationList = 40B51A1A2562C28C00636463 /* Build configuration list for PBXNativeTarget "MercadoBitcoinTests" */;
			buildPhases = (
				79C0B0FC5F1E4D69E66AFCAD /* [CP] Check Pods Manifest.lock */,
				40B51A0A2562C28C00636463 /* Sources */,
				40B51A0B2562C28C00636463 /* Frameworks */,
				40B51A0C2562C28C00636463 /* Resources */,
				83AD5A41BE69BE3713013343 /* [CP] Embed Pods Frameworks */,
			);
			buildRules = (
			);
			dependencies = (
				40B51A102562C28C00636463 /* PBXTargetDependency */,
			);
			name = MercadoBitcoinTests;
			productName = MercadoBitcoinTests;
			productReference = 40B51A0E2562C28C00636463 /* MercadoBitcoinTests.xctest */;
			productType = "com.apple.product-type.bundle.unit-test";
		};
/* End PBXNativeTarget section */

/* Begin PBXProject section */
		40B519F02562C28100636463 /* Project object */ = {
			isa = PBXProject;
			attributes = {
				LastSwiftUpdateCheck = 1160;
				LastUpgradeCheck = 1160;
				ORGANIZATIONNAME = "Huallyd Smadi";
				TargetAttributes = {
					40B519F72562C28200636463 = {
						CreatedOnToolsVersion = 11.6;
					};
					40B51A0D2562C28C00636463 = {
						CreatedOnToolsVersion = 11.6;
						TestTargetID = 40B519F72562C28200636463;
					};
				};
			};
			buildConfigurationList = 40B519F32562C28100636463 /* Build configuration list for PBXProject "MercadoBitcoin" */;
			compatibilityVersion = "Xcode 9.3";
			developmentRegion = en;
			hasScannedForEncodings = 0;
			knownRegions = (
				en,
				Base,
				"pt-BR",
			);
			mainGroup = 40B519EF2562C28000636463;
			productRefGroup = 40B519F92562C28200636463 /* Products */;
			projectDirPath = "";
			projectRoot = "";
			targets = (
				40B519F72562C28200636463 /* MercadoBitcoin */,
				40B51A0D2562C28C00636463 /* MercadoBitcoinTests */,
			);
		};
/* End PBXProject section */

/* Begin PBXResourcesBuildPhase section */
		40B519F62562C28200636463 /* Resources */ = {
			isa = PBXResourcesBuildPhase;
			buildActionMask = 2147483647;
			files = (
				40B51A082562C28C00636463 /* LaunchScreen.storyboard in Resources */,
				40F7059C25640AD6005A5C2E /* Localizable.strings in Resources */,
				40B51A052562C28C00636463 /* Assets.xcassets in Resources */,
			);
			runOnlyForDeploymentPostprocessing = 0;
		};
		40B51A0C2562C28C00636463 /* Resources */ = {
			isa = PBXResourcesBuildPhase;
			buildActionMask = 2147483647;
			files = (
			);
			runOnlyForDeploymentPostprocessing = 0;
		};
/* End PBXResourcesBuildPhase section */

/* Begin PBXShellScriptBuildPhase section */
		40F705A025640B22005A5C2E /* SwiftGen */ = {
			isa = PBXShellScriptBuildPhase;
			buildActionMask = 2147483647;
			files = (
			);
			inputFileListPaths = (
			);
			inputPaths = (
			);
			name = SwiftGen;
			outputFileListPaths = (
			);
			outputPaths = (
			);
			runOnlyForDeploymentPostprocessing = 0;
			shellPath = /bin/sh;
			shellScript = "\"${PODS_ROOT}/SwiftGen/bin/swiftgen\"\n";
		};
		79C0B0FC5F1E4D69E66AFCAD /* [CP] Check Pods Manifest.lock */ = {
			isa = PBXShellScriptBuildPhase;
			buildActionMask = 2147483647;
			files = (
			);
			inputFileListPaths = (
			);
			inputPaths = (
				"${PODS_PODFILE_DIR_PATH}/Podfile.lock",
				"${PODS_ROOT}/Manifest.lock",
			);
			name = "[CP] Check Pods Manifest.lock";
			outputFileListPaths = (
			);
			outputPaths = (
				"$(DERIVED_FILE_DIR)/Pods-MercadoBitcoinTests-checkManifestLockResult.txt",
			);
			runOnlyForDeploymentPostprocessing = 0;
			shellPath = /bin/sh;
			shellScript = "diff \"${PODS_PODFILE_DIR_PATH}/Podfile.lock\" \"${PODS_ROOT}/Manifest.lock\" > /dev/null\nif [ $? != 0 ] ; then\n    # print error to STDERR\n    echo \"error: The sandbox is not in sync with the Podfile.lock. Run 'pod install' or update your CocoaPods installation.\" >&2\n    exit 1\nfi\n# This output is used by Xcode 'outputs' to avoid re-running this script phase.\necho \"SUCCESS\" > \"${SCRIPT_OUTPUT_FILE_0}\"\n";
			showEnvVarsInLog = 0;
		};
		83AD5A41BE69BE3713013343 /* [CP] Embed Pods Frameworks */ = {
			isa = PBXShellScriptBuildPhase;
			buildActionMask = 2147483647;
			files = (
			);
			inputFileListPaths = (
				"${PODS_ROOT}/Target Support Files/Pods-MercadoBitcoinTests/Pods-MercadoBitcoinTests-frameworks-${CONFIGURATION}-input-files.xcfilelist",
			);
			name = "[CP] Embed Pods Frameworks";
			outputFileListPaths = (
				"${PODS_ROOT}/Target Support Files/Pods-MercadoBitcoinTests/Pods-MercadoBitcoinTests-frameworks-${CONFIGURATION}-output-files.xcfilelist",
			);
			runOnlyForDeploymentPostprocessing = 0;
			shellPath = /bin/sh;
			shellScript = "\"${PODS_ROOT}/Target Support Files/Pods-MercadoBitcoinTests/Pods-MercadoBitcoinTests-frameworks.sh\"\n";
			showEnvVarsInLog = 0;
		};
		C8F5746E7C4446AFB05C924F /* [CP] Check Pods Manifest.lock */ = {
			isa = PBXShellScriptBuildPhase;
			buildActionMask = 2147483647;
			files = (
			);
			inputFileListPaths = (
			);
			inputPaths = (
				"${PODS_PODFILE_DIR_PATH}/Podfile.lock",
				"${PODS_ROOT}/Manifest.lock",
			);
			name = "[CP] Check Pods Manifest.lock";
			outputFileListPaths = (
			);
			outputPaths = (
				"$(DERIVED_FILE_DIR)/Pods-MercadoBitcoin-checkManifestLockResult.txt",
			);
			runOnlyForDeploymentPostprocessing = 0;
			shellPath = /bin/sh;
			shellScript = "diff \"${PODS_PODFILE_DIR_PATH}/Podfile.lock\" \"${PODS_ROOT}/Manifest.lock\" > /dev/null\nif [ $? != 0 ] ; then\n    # print error to STDERR\n    echo \"error: The sandbox is not in sync with the Podfile.lock. Run 'pod install' or update your CocoaPods installation.\" >&2\n    exit 1\nfi\n# This output is used by Xcode 'outputs' to avoid re-running this script phase.\necho \"SUCCESS\" > \"${SCRIPT_OUTPUT_FILE_0}\"\n";
			showEnvVarsInLog = 0;
		};
		D5CE4565F75E015F97BE7E1E /* [CP] Embed Pods Frameworks */ = {
			isa = PBXShellScriptBuildPhase;
			buildActionMask = 2147483647;
			files = (
			);
			inputFileListPaths = (
				"${PODS_ROOT}/Target Support Files/Pods-MercadoBitcoin/Pods-MercadoBitcoin-frameworks-${CONFIGURATION}-input-files.xcfilelist",
			);
			name = "[CP] Embed Pods Frameworks";
			outputFileListPaths = (
				"${PODS_ROOT}/Target Support Files/Pods-MercadoBitcoin/Pods-MercadoBitcoin-frameworks-${CONFIGURATION}-output-files.xcfilelist",
			);
			runOnlyForDeploymentPostprocessing = 0;
			shellPath = /bin/sh;
			shellScript = "\"${PODS_ROOT}/Target Support Files/Pods-MercadoBitcoin/Pods-MercadoBitcoin-frameworks.sh\"\n";
			showEnvVarsInLog = 0;
		};
/* End PBXShellScriptBuildPhase section */

/* Begin PBXSourcesBuildPhase section */
		40B519F42562C28200636463 /* Sources */ = {
			isa = PBXSourcesBuildPhase;
			buildActionMask = 2147483647;
			files = (
				40F705A525640BB8005A5C2E /* String+Localizable.swift in Sources */,
				40CC8E6F25637F7800C6C4E9 /* CoinIconURL.swift in Sources */,
				4047EB892562EA3D0005B2C7 /* UITableView+Reusable.swift in Sources */,
				4047EB732562CCA30005B2C7 /* Coordinator.swift in Sources */,
				40F705A725640C8C005A5C2E /* CoinDetailViewController.swift in Sources */,
				40077DCC25638C9800C6ACBA /* UITableView+DeselectRow.swift in Sources */,
				40D2EBE525630F8300B21932 /* CoinListViewControllerFactory.swift in Sources */,
				40D2EBE225630DD100B21932 /* CoinViewModel.swift in Sources */,
				40F705AF25641030005A5C2E /* DetailViews.swift in Sources */,
				40F705AB25640EF1005A5C2E /* DetailViewModel.swift in Sources */,
				40D2EBE025630B4400B21932 /* CoinListViewModel.swift in Sources */,
				402AAD602564B3DD007D0F74 /* ValidationError.swift in Sources */,
				40D2EBDA256303C800B21932 /* CoinGateway.swift in Sources */,
				40D2EBDD256303F000B21932 /* ProviderService.swift in Sources */,
				40B519FC2562C28200636463 /* AppDelegate.swift in Sources */,
				40F705B325641EE8005A5C2E /* CoinDetailViewControllerFactory.swift in Sources */,
				4047EB782562DE250005B2C7 /* CoinListViewController.swift in Sources */,
				40F705B125641B09005A5C2E /* ImageService.swift in Sources */,
				40F705A225640B4D005A5C2E /* Strings.swift in Sources */,
				4047EB752562D0560005B2C7 /* CoinListCoordinator.swift in Sources */,
				4047EB7A2562DE370005B2C7 /* BaseViewController.swift in Sources */,
				4047EB862562E9FE0005B2C7 /* CoinTableViewCell.swift in Sources */,
				40F705AD25640F44005A5C2E /* DetailView.swift in Sources */,
				40F705A925640EB5005A5C2E /* CoinDetailViewModel.swift in Sources */,
				40D2EBD82563015A00B21932 /* Coin.swift in Sources */,
				4047EB712562CC830005B2C7 /* ApplicationCoordinator.swift in Sources */,
				40CC8E6C25631EA400C6C4E9 /* CoinListDataSource.swift in Sources */,
				4047EB932562F1140005B2C7 /* Int+SpacingUnit.swift in Sources */,
				40AE611C2564C132007A0946 /* Assets.swift in Sources */,
				40F705B925645411005A5C2E /* Loadable.swift in Sources */,
				4047EB802562E6BC0005B2C7 /* UIView+Constraints.swift in Sources */,
			);
			runOnlyForDeploymentPostprocessing = 0;
		};
		40B51A0A2562C28C00636463 /* Sources */ = {
			isa = PBXSourcesBuildPhase;
			buildActionMask = 2147483647;
			files = (
				400B7CFC25646480004E318A /* ProviderServiceMock.swift in Sources */,
				402AAD56256495F8007D0F74 /* CoinDetailViewModelTests.swift in Sources */,
				4002597F2564792D004597FC /* CoinMock.swift in Sources */,
				4002598125648B6F004597FC /* CoinListViewModelTests.swift in Sources */,
				401AD9A12564758600A4DF83 /* CoinListViewControllerTests.swift in Sources */,
				400259832564918C004597FC /* CoinIconURLMock.swift in Sources */,
				4002597C25647752004597FC /* CoinGatewayMock.swift in Sources */,
				402AAD5D25649C1A007D0F74 /* CoinListViewCoordinatorTests.swift in Sources */,
				402AAD5A25649A8F007D0F74 /* CoinDetailViewControllerTests.swift in Sources */,
				40B0AB642564609C009723C8 /* LoadableMock.swift in Sources */,
				401AD99F256473D200A4DF83 /* ImageServiceMock.swift in Sources */,
			);
			runOnlyForDeploymentPostprocessing = 0;
		};
/* End PBXSourcesBuildPhase section */

/* Begin PBXTargetDependency section */
		40B51A102562C28C00636463 /* PBXTargetDependency */ = {
			isa = PBXTargetDependency;
			target = 40B519F72562C28200636463 /* MercadoBitcoin */;
			targetProxy = 40B51A0F2562C28C00636463 /* PBXContainerItemProxy */;
		};
/* End PBXTargetDependency section */

/* Begin PBXVariantGroup section */
		40B51A062562C28C00636463 /* LaunchScreen.storyboard */ = {
			isa = PBXVariantGroup;
			children = (
				40B51A072562C28C00636463 /* Base */,
			);
			name = LaunchScreen.storyboard;
			sourceTree = "<group>";
		};
		40F7059E25640AD6005A5C2E /* Localizable.strings */ = {
			isa = PBXVariantGroup;
			children = (
				40F7059D25640AD6005A5C2E /* en */,
				40F7059F25640AFF005A5C2E /* pt-BR */,
			);
			name = Localizable.strings;
			sourceTree = "<group>";
		};
/* End PBXVariantGroup section */

/* Begin XCBuildConfiguration section */
		40B51A152562C28C00636463 /* Debug */ = {
			isa = XCBuildConfiguration;
			buildSettings = {
				ALWAYS_SEARCH_USER_PATHS = NO;
				CLANG_ANALYZER_LOCALIZABILITY_NONLOCALIZED = YES;
				CLANG_ANALYZER_NONNULL = YES;
				CLANG_ANALYZER_NUMBER_OBJECT_CONVERSION = YES_AGGRESSIVE;
				CLANG_CXX_LANGUAGE_STANDARD = "gnu++14";
				CLANG_CXX_LIBRARY = "libc++";
				CLANG_ENABLE_MODULES = YES;
				CLANG_ENABLE_OBJC_ARC = YES;
				CLANG_ENABLE_OBJC_WEAK = YES;
				CLANG_WARN_BLOCK_CAPTURE_AUTORELEASING = YES;
				CLANG_WARN_BOOL_CONVERSION = YES;
				CLANG_WARN_COMMA = YES;
				CLANG_WARN_CONSTANT_CONVERSION = YES;
				CLANG_WARN_DEPRECATED_OBJC_IMPLEMENTATIONS = YES;
				CLANG_WARN_DIRECT_OBJC_ISA_USAGE = YES_ERROR;
				CLANG_WARN_DOCUMENTATION_COMMENTS = YES;
				CLANG_WARN_EMPTY_BODY = YES;
				CLANG_WARN_ENUM_CONVERSION = YES;
				CLANG_WARN_INFINITE_RECURSION = YES;
				CLANG_WARN_INT_CONVERSION = YES;
				CLANG_WARN_NON_LITERAL_NULL_CONVERSION = YES;
				CLANG_WARN_OBJC_IMPLICIT_RETAIN_SELF = YES;
				CLANG_WARN_OBJC_LITERAL_CONVERSION = YES;
				CLANG_WARN_OBJC_ROOT_CLASS = YES_ERROR;
				CLANG_WARN_RANGE_LOOP_ANALYSIS = YES;
				CLANG_WARN_STRICT_PROTOTYPES = YES;
				CLANG_WARN_SUSPICIOUS_MOVE = YES;
				CLANG_WARN_UNGUARDED_AVAILABILITY = YES_AGGRESSIVE;
				CLANG_WARN_UNREACHABLE_CODE = YES;
				CLANG_WARN__DUPLICATE_METHOD_MATCH = YES;
				COPY_PHASE_STRIP = NO;
				DEBUG_INFORMATION_FORMAT = dwarf;
				ENABLE_STRICT_OBJC_MSGSEND = YES;
				ENABLE_TESTABILITY = YES;
				GCC_C_LANGUAGE_STANDARD = gnu11;
				GCC_DYNAMIC_NO_PIC = NO;
				GCC_NO_COMMON_BLOCKS = YES;
				GCC_OPTIMIZATION_LEVEL = 0;
				GCC_PREPROCESSOR_DEFINITIONS = (
					"DEBUG=1",
					"$(inherited)",
				);
				GCC_WARN_64_TO_32_BIT_CONVERSION = YES;
				GCC_WARN_ABOUT_RETURN_TYPE = YES_ERROR;
				GCC_WARN_UNDECLARED_SELECTOR = YES;
				GCC_WARN_UNINITIALIZED_AUTOS = YES_AGGRESSIVE;
				GCC_WARN_UNUSED_FUNCTION = YES;
				GCC_WARN_UNUSED_VARIABLE = YES;
				IPHONEOS_DEPLOYMENT_TARGET = 11.0;
				MTL_ENABLE_DEBUG_INFO = INCLUDE_SOURCE;
				MTL_FAST_MATH = YES;
				ONLY_ACTIVE_ARCH = YES;
				SDKROOT = iphoneos;
				SWIFT_ACTIVE_COMPILATION_CONDITIONS = DEBUG;
				SWIFT_OPTIMIZATION_LEVEL = "-Onone";
			};
			name = Debug;
		};
		40B51A162562C28C00636463 /* Release */ = {
			isa = XCBuildConfiguration;
			buildSettings = {
				ALWAYS_SEARCH_USER_PATHS = NO;
				CLANG_ANALYZER_LOCALIZABILITY_NONLOCALIZED = YES;
				CLANG_ANALYZER_NONNULL = YES;
				CLANG_ANALYZER_NUMBER_OBJECT_CONVERSION = YES_AGGRESSIVE;
				CLANG_CXX_LANGUAGE_STANDARD = "gnu++14";
				CLANG_CXX_LIBRARY = "libc++";
				CLANG_ENABLE_MODULES = YES;
				CLANG_ENABLE_OBJC_ARC = YES;
				CLANG_ENABLE_OBJC_WEAK = YES;
				CLANG_WARN_BLOCK_CAPTURE_AUTORELEASING = YES;
				CLANG_WARN_BOOL_CONVERSION = YES;
				CLANG_WARN_COMMA = YES;
				CLANG_WARN_CONSTANT_CONVERSION = YES;
				CLANG_WARN_DEPRECATED_OBJC_IMPLEMENTATIONS = YES;
				CLANG_WARN_DIRECT_OBJC_ISA_USAGE = YES_ERROR;
				CLANG_WARN_DOCUMENTATION_COMMENTS = YES;
				CLANG_WARN_EMPTY_BODY = YES;
				CLANG_WARN_ENUM_CONVERSION = YES;
				CLANG_WARN_INFINITE_RECURSION = YES;
				CLANG_WARN_INT_CONVERSION = YES;
				CLANG_WARN_NON_LITERAL_NULL_CONVERSION = YES;
				CLANG_WARN_OBJC_IMPLICIT_RETAIN_SELF = YES;
				CLANG_WARN_OBJC_LITERAL_CONVERSION = YES;
				CLANG_WARN_OBJC_ROOT_CLASS = YES_ERROR;
				CLANG_WARN_RANGE_LOOP_ANALYSIS = YES;
				CLANG_WARN_STRICT_PROTOTYPES = YES;
				CLANG_WARN_SUSPICIOUS_MOVE = YES;
				CLANG_WARN_UNGUARDED_AVAILABILITY = YES_AGGRESSIVE;
				CLANG_WARN_UNREACHABLE_CODE = YES;
				CLANG_WARN__DUPLICATE_METHOD_MATCH = YES;
				COPY_PHASE_STRIP = NO;
				DEBUG_INFORMATION_FORMAT = "dwarf-with-dsym";
				ENABLE_NS_ASSERTIONS = NO;
				ENABLE_STRICT_OBJC_MSGSEND = YES;
				GCC_C_LANGUAGE_STANDARD = gnu11;
				GCC_NO_COMMON_BLOCKS = YES;
				GCC_WARN_64_TO_32_BIT_CONVERSION = YES;
				GCC_WARN_ABOUT_RETURN_TYPE = YES_ERROR;
				GCC_WARN_UNDECLARED_SELECTOR = YES;
				GCC_WARN_UNINITIALIZED_AUTOS = YES_AGGRESSIVE;
				GCC_WARN_UNUSED_FUNCTION = YES;
				GCC_WARN_UNUSED_VARIABLE = YES;
				IPHONEOS_DEPLOYMENT_TARGET = 11.0;
				MTL_ENABLE_DEBUG_INFO = NO;
				MTL_FAST_MATH = YES;
				SDKROOT = iphoneos;
				SWIFT_COMPILATION_MODE = wholemodule;
				SWIFT_OPTIMIZATION_LEVEL = "-O";
				VALIDATE_PRODUCT = YES;
			};
			name = Release;
		};
		40B51A182562C28C00636463 /* Debug */ = {
			isa = XCBuildConfiguration;
			baseConfigurationReference = FA57720E9A635F3170FFDD00 /* Pods-MercadoBitcoin.debug.xcconfig */;
			buildSettings = {
				ASSETCATALOG_COMPILER_APPICON_NAME = AppIcon;
				CODE_SIGN_STYLE = Automatic;
				INFOPLIST_FILE = MercadoBitcoin/Info.plist;
				LD_RUNPATH_SEARCH_PATHS = (
					"$(inherited)",
					"@executable_path/Frameworks",
				);
				PRODUCT_BUNDLE_IDENTIFIER = hualyd.smadi.MercadoBitcoin;
				PRODUCT_NAME = "$(TARGET_NAME)";
				SWIFT_VERSION = 5.0;
				TARGETED_DEVICE_FAMILY = "1,2";
			};
			name = Debug;
		};
		40B51A192562C28C00636463 /* Release */ = {
			isa = XCBuildConfiguration;
			baseConfigurationReference = E89337021FD4CCEA40A87923 /* Pods-MercadoBitcoin.release.xcconfig */;
			buildSettings = {
				ASSETCATALOG_COMPILER_APPICON_NAME = AppIcon;
				CODE_SIGN_STYLE = Automatic;
				INFOPLIST_FILE = MercadoBitcoin/Info.plist;
				LD_RUNPATH_SEARCH_PATHS = (
					"$(inherited)",
					"@executable_path/Frameworks",
				);
				PRODUCT_BUNDLE_IDENTIFIER = hualyd.smadi.MercadoBitcoin;
				PRODUCT_NAME = "$(TARGET_NAME)";
				SWIFT_VERSION = 5.0;
				TARGETED_DEVICE_FAMILY = "1,2";
			};
			name = Release;
		};
		40B51A1B2562C28C00636463 /* Debug */ = {
			isa = XCBuildConfiguration;
			baseConfigurationReference = F681274BED36B598D1C3FABF /* Pods-MercadoBitcoinTests.debug.xcconfig */;
			buildSettings = {
				ALWAYS_EMBED_SWIFT_STANDARD_LIBRARIES = YES;
				BUNDLE_LOADER = "$(TEST_HOST)";
				CODE_SIGN_STYLE = Automatic;
				INFOPLIST_FILE = MercadoBitcoinTests/Info.plist;
				IPHONEOS_DEPLOYMENT_TARGET = 13.6;
				LD_RUNPATH_SEARCH_PATHS = (
					"$(inherited)",
					"@executable_path/Frameworks",
					"@loader_path/Frameworks",
				);
				PRODUCT_BUNDLE_IDENTIFIER = hualyd.smadi.MercadoBitcoinTests;
				PRODUCT_NAME = "$(TARGET_NAME)";
				SWIFT_VERSION = 5.0;
				TARGETED_DEVICE_FAMILY = "1,2";
				TEST_HOST = "$(BUILT_PRODUCTS_DIR)/MercadoBitcoin.app/MercadoBitcoin";
			};
			name = Debug;
		};
		40B51A1C2562C28C00636463 /* Release */ = {
			isa = XCBuildConfiguration;
			baseConfigurationReference = AD6D0E666A92E92D46E12C71 /* Pods-MercadoBitcoinTests.release.xcconfig */;
			buildSettings = {
				ALWAYS_EMBED_SWIFT_STANDARD_LIBRARIES = YES;
				BUNDLE_LOADER = "$(TEST_HOST)";
				CODE_SIGN_STYLE = Automatic;
				INFOPLIST_FILE = MercadoBitcoinTests/Info.plist;
				IPHONEOS_DEPLOYMENT_TARGET = 13.6;
				LD_RUNPATH_SEARCH_PATHS = (
					"$(inherited)",
					"@executable_path/Frameworks",
					"@loader_path/Frameworks",
				);
				PRODUCT_BUNDLE_IDENTIFIER = hualyd.smadi.MercadoBitcoinTests;
				PRODUCT_NAME = "$(TARGET_NAME)";
				SWIFT_VERSION = 5.0;
				TARGETED_DEVICE_FAMILY = "1,2";
				TEST_HOST = "$(BUILT_PRODUCTS_DIR)/MercadoBitcoin.app/MercadoBitcoin";
			};
			name = Release;
		};
/* End XCBuildConfiguration section */

/* Begin XCConfigurationList section */
		40B519F32562C28100636463 /* Build configuration list for PBXProject "MercadoBitcoin" */ = {
			isa = XCConfigurationList;
			buildConfigurations = (
				40B51A152562C28C00636463 /* Debug */,
				40B51A162562C28C00636463 /* Release */,
			);
			defaultConfigurationIsVisible = 0;
			defaultConfigurationName = Release;
		};
		40B51A172562C28C00636463 /* Build configuration list for PBXNativeTarget "MercadoBitcoin" */ = {
			isa = XCConfigurationList;
			buildConfigurations = (
				40B51A182562C28C00636463 /* Debug */,
				40B51A192562C28C00636463 /* Release */,
			);
			defaultConfigurationIsVisible = 0;
			defaultConfigurationName = Release;
		};
		40B51A1A2562C28C00636463 /* Build configuration list for PBXNativeTarget "MercadoBitcoinTests" */ = {
			isa = XCConfigurationList;
			buildConfigurations = (
				40B51A1B2562C28C00636463 /* Debug */,
				40B51A1C2562C28C00636463 /* Release */,
			);
			defaultConfigurationIsVisible = 0;
			defaultConfigurationName = Release;
		};
/* End XCConfigurationList section */
	};
	rootObject = 40B519F02562C28100636463 /* Project object */;
}
