PODS:
  - Alamofire (5.4.0)
  - iOSSnapshotTestCase (6.2.0):
    - iOSSnapshotTestCase/SwiftSupport (= 6.2.0)
  - iOSSnapshotTestCase/Core (6.2.0)
  - iOSSnapshotTestCase/SwiftSupport (6.2.0):
    - iOSSnapshotTestCase/Core
  - Kingfisher (5.15.7):
    - Kingfisher/Core (= 5.15.7)
  - Kingfisher/Core (5.15.7)
  - SwiftGen (6.2.1)

DEPENDENCIES:
  - Alamofire (~> 5.2)
  - iOSSnapshotTestCase
  - Kingfisher (~> 5.15)
  - SwiftGen

SPEC REPOS:
  trunk:
    - Alamofire
    - iOSSnapshotTestCase
    - Kingfisher
    - SwiftGen

SPEC CHECKSUMS:
  Alamofire: 3b6a534a3df22db367e4dedeeca73d1ddfcf0e2f
  iOSSnapshotTestCase: 9ab44cb5aa62b84d31847f40680112e15ec579a6
  Kingfisher: 6e1a13523fcb1c86924ce53affe4ac957e544d59
  SwiftGen: 62e69d127507be1538d4263e137b2290cd6ab272

PODFILE CHECKSUM: 40b137875033e114aa49f503720f74d1b25bff6f

COCOAPODS: 1.9.3
